
Microsoft Visual Studio Solution File, Format Version 12.00
# Visual Studio 2013
VisualStudioVersion = 12.0.21005.1
MinimumVisualStudioVersion = 10.0.40219.1
Project("{FAE04EC0-301F-11D3-BF4B-00C04F79EFBC}") = "01. StudentClass", "01. StudentClass\01. StudentClass.csproj", "{07081CF8-DA6C-4DC2-8DD7-274FC02B39C3}"
EndProject
Project("{FAE04EC0-301F-11D3-BF4B-00C04F79EFBC}") = "02. PersonClass", "02. PersonClass\02. PersonClass.csproj", "{BD439B72-F3BA-4C33-A965-3A8768AD655A}"
EndProject
Project("{FAE04EC0-301F-11D3-BF4B-00C04F79EFBC}") = "05. BitArray", "05. BitArray\05. BitArray.csproj", "{48FD697E-D09A-4838-B035-4F4D6470DAF4}"
EndProject
Global
	GlobalSection(SolutionConfigurationPlatforms) = preSolution
		Debug|Any CPU = Debug|Any CPU
		Release|Any CPU = Release|Any CPU
	EndGlobalSection
	GlobalSection(ProjectConfigurationPlatforms) = postSolution
		{07081CF8-DA6C-4DC2-8DD7-274FC02B39C3}.Debug|Any CPU.ActiveCfg = Debug|Any CPU
		{07081CF8-DA6C-4DC2-8DD7-274FC02B39C3}.Debug|Any CPU.Build.0 = Debug|Any CPU
		{07081CF8-DA6C-4DC2-8DD7-274FC02B39C3}.Release|Any CPU.ActiveCfg = Release|Any CPU
		{07081CF8-DA6C-4DC2-8DD7-274FC02B39C3}.Release|Any CPU.Build.0 = Release|Any CPU
		{BD439B72-F3BA-4C33-A965-3A8768AD655A}.Debug|Any CPU.ActiveCfg = Debug|Any CPU
		{BD439B72-F3BA-4C33-A965-3A8768AD655A}.Debug|Any CPU.Build.0 = Debug|Any CPU
		{BD439B72-F3BA-4C33-A965-3A8768AD655A}.Release|Any CPU.ActiveCfg = Release|Any CPU
		{BD439B72-F3BA-4C33-A965-3A8768AD655A}.Release|Any CPU.Build.0 = Release|Any CPU
		{48FD697E-D09A-4838-B035-4F4D6470DAF4}.Debug|Any CPU.ActiveCfg = Debug|Any CPU
		{48FD697E-D09A-4838-B035-4F4D6470DAF4}.Debug|Any CPU.Build.0 = Debug|Any CPU
		{48FD697E-D09A-4838-B035-4F4D6470DAF4}.Release|Any CPU.ActiveCfg = Release|Any CPU
		{48FD697E-D09A-4838-B035-4F4D6470DAF4}.Release|Any CPU.Build.0 = Release|Any CPU
	EndGlobalSection
	GlobalSection(SolutionProperties) = preSolution
		HideSolutionNode = FALSE
	EndGlobalSection
EndGlobal
